# THIS IS AN AUTOGENERATED FILE. DO NOT EDIT THIS FILE DIRECTLY.
# yarn lockfile v1


create-expo-app@^2.0.4:
  version "2.0.4"
  resolved "https://registry.yarnpkg.com/create-expo-app/-/create-expo-app-2.0.4.tgz#322a9adff5fc8fc90f1358c8669fee1d42d3595b"
  integrity sha512-DwAZa0LHu/5V7JxlkfEQiIF2StvxJaB/ZgpwblVrr4WY/mSisSDZp+7yUzq6RbOBzH97+/C46finzxcIuk9ktg==
